<?xml version="1.0" encoding="utf-8"?>
<Project ToolsVersion="4.0" xmlns="http://schemas.microsoft.com/developer/msbuild/2003">
  <ItemGroup>
    <Filter Include="Level1">
      <UniqueIdentifier>{0d834679-ff77-4a6f-9acb-7ee1ea422cb9}</UniqueIdentifier>
    </Filter>
    <Filter Include="Level2">
      <UniqueIdentifier>{9454b3a5-7632-418e-b291-f3b4e54e6e66}</UniqueIdentifier>
    </Filter>
    <Filter Include="고득점 Kit">
      <UniqueIdentifier>{6c58bb40-f1e8-475a-9565-0230a8a681a9}</UniqueIdentifier>
    </Filter>
    <Filter Include="고득점 Kit\Hash">
      <UniqueIdentifier>{e05ea250-5956-4afd-8eb3-cbfcb3f659e6}</UniqueIdentifier>
    </Filter>
    <Filter Include="고득점 Kit\Sort">
      <UniqueIdentifier>{6c9bbd75-13e3-4c0e-bc6a-77b52cd5b0d0}</UniqueIdentifier>
    </Filter>
    <Filter Include="고득점 Kit\Greedy">
      <UniqueIdentifier>{3b08b769-40fd-4ee2-abf4-d232d0dcf74d}</UniqueIdentifier>
    </Filter>
    <Filter Include="고득점 Kit\BFS/DFS">
      <UniqueIdentifier>{fb868cba-91f6-4408-9bdd-0c29a4c1e483}</UniqueIdentifier>
    </Filter>
    <Filter Include="고득점 Kit\Stack / Queue">
      <UniqueIdentifier>{81d06666-1f98-41fb-9b02-97c942ca0272}</UniqueIdentifier>
    </Filter>
    <Filter Include="고득점 Kit\Brute-Force">
      <UniqueIdentifier>{9806b544-ad1c-4be2-94ed-8a7f4400d3ff}</UniqueIdentifier>
    </Filter>
    <Filter Include="입문">
      <UniqueIdentifier>{04d42511-5293-45c2-9b37-75eeaa656090}</UniqueIdentifier>
    </Filter>
  </ItemGroup>
  <ItemGroup>
    <ClCompile Include="12906.cpp">
      <Filter>Level1</Filter>
    </ClCompile>
    <ClCompile Include="86051.cpp">
      <Filter>Level1</Filter>
    </ClCompile>
    <ClCompile Include="70128.cpp">
      <Filter>Level1</Filter>
    </ClCompile>
    <ClCompile Include="12977.cpp">
      <Filter>Level1</Filter>
    </ClCompile>
    <ClCompile Include="12982.cpp">
      <Filter>Level1</Filter>
    </ClCompile>
    <ClCompile Include="68644.cpp">
      <Filter>Level1</Filter>
    </ClCompile>
    <ClCompile Include="12901.cpp">
      <Filter>Level1</Filter>
    </ClCompile>
    <ClCompile Include="87389.cpp">
      <Filter>Level1</Filter>
    </ClCompile>
    <ClCompile Include="82612.cpp">
      <Filter>Level1</Filter>
    </ClCompile>
    <ClCompile Include="12903.cpp">
      <Filter>Level1</Filter>
    </ClCompile>
    <ClCompile Include="12912.cpp">
      <Filter>Level1</Filter>
    </ClCompile>
    <ClCompile Include="12916.cpp">
      <Filter>Level1</Filter>
    </ClCompile>
    <ClCompile Include="12917.cpp">
      <Filter>Level1</Filter>
    </ClCompile>
    <ClCompile Include="12918.cpp">
      <Filter>Level1</Filter>
    </ClCompile>
    <ClCompile Include="12922.cpp">
      <Filter>Level1</Filter>
    </ClCompile>
    <ClCompile Include="12925.cpp">
      <Filter>Level1</Filter>
    </ClCompile>
    <ClCompile Include="12928.cpp">
      <Filter>Level1</Filter>
    </ClCompile>
    <ClCompile Include="12931.cpp">
      <Filter>Level1</Filter>
    </ClCompile>
    <ClCompile Include="12933.cpp">
      <Filter>Level1</Filter>
    </ClCompile>
    <ClCompile Include="12935.cpp">
      <Filter>Level1</Filter>
    </ClCompile>
    <ClCompile Include="12937.cpp">
      <Filter>Level1</Filter>
    </ClCompile>
    <ClCompile Include="12940.cpp">
      <Filter>Level1</Filter>
    </ClCompile>
    <ClCompile Include="12943.cpp">
      <Filter>Level1</Filter>
    </ClCompile>
    <ClCompile Include="12944.cpp">
      <Filter>Level1</Filter>
    </ClCompile>
    <ClCompile Include="12947.cpp">
      <Filter>Level1</Filter>
    </ClCompile>
    <ClCompile Include="12950.cpp">
      <Filter>Level1</Filter>
    </ClCompile>
    <ClCompile Include="12954.cpp">
      <Filter>Level1</Filter>
    </ClCompile>
    <ClCompile Include="12969.cpp">
      <Filter>Level1</Filter>
    </ClCompile>
    <ClCompile Include="42626.cpp">
      <Filter>Level2</Filter>
    </ClCompile>
    <ClCompile Include="87390.cpp">
      <Filter>Level2</Filter>
    </ClCompile>
    <ClCompile Include="12939.cpp">
      <Filter>Level2</Filter>
    </ClCompile>
    <ClCompile Include="12941.cpp">
      <Filter>Level2</Filter>
    </ClCompile>
    <ClCompile Include="12919.cpp">
      <Filter>Level1</Filter>
    </ClCompile>
    <ClCompile Include="42840.cpp">
      <Filter>Level1</Filter>
    </ClCompile>
    <ClCompile Include="1844.cpp">
      <Filter>Level2</Filter>
    </ClCompile>
    <ClCompile Include="12948.cpp">
      <Filter>Level1</Filter>
    </ClCompile>
    <ClCompile Include="12930.cpp">
      <Filter>Level1</Filter>
    </ClCompile>
    <ClCompile Include="12921.cpp">
      <Filter>Level1</Filter>
    </ClCompile>
    <ClCompile Include="12924.cpp">
      <Filter>Level2</Filter>
    </ClCompile>
    <ClCompile Include="Hash_42577.cpp">
      <Filter>고득점 Kit\Hash</Filter>
    </ClCompile>
    <ClCompile Include="Hash_1845.cpp">
      <Filter>고득점 Kit\Hash</Filter>
    </ClCompile>
    <ClCompile Include="Hash_42576.cpp">
      <Filter>고득점 Kit\Hash</Filter>
    </ClCompile>
    <ClCompile Include="Hash_42578.cpp">
      <Filter>고득점 Kit\Hash</Filter>
    </ClCompile>
    <ClCompile Include="Sort_42748.cpp">
      <Filter>고득점 Kit\Sort</Filter>
    </ClCompile>
    <ClCompile Include="Sort_42746.cpp">
      <Filter>고득점 Kit\Sort</Filter>
    </ClCompile>
    <ClCompile Include="Greedy_42862.cpp">
      <Filter>고득점 Kit\Greedy</Filter>
    </ClCompile>
    <ClCompile Include="12934.cpp">
      <Filter>Level1</Filter>
    </ClCompile>
    <ClCompile Include="Greedy_42860.cpp">
      <Filter>고득점 Kit\Greedy</Filter>
    </ClCompile>
    <ClCompile Include="BFS_1844.cpp">
      <Filter>고득점 Kit\BFS/DFS</Filter>
    </ClCompile>
    <ClCompile Include="DFS_BFS_43165.cpp">
      <Filter>고득점 Kit\BFS/DFS</Filter>
    </ClCompile>
    <ClCompile Include="Stack_12909.cpp">
      <Filter>고득점 Kit\Stack / Queue</Filter>
    </ClCompile>
    <ClCompile Include="Queue_42586.cpp">
      <Filter>고득점 Kit\Stack / Queue</Filter>
    </ClCompile>
    <ClCompile Include="Queue_42587.cpp">
      <Filter>고득점 Kit\Stack / Queue</Filter>
    </ClCompile>
    <ClCompile Include="Brute_86491.cpp">
      <Filter>고득점 Kit\Brute-Force</Filter>
    </ClCompile>
    <ClCompile Include="135808.cpp">
      <Filter>Level1</Filter>
    </ClCompile>
    <ClCompile Include="120812.cpp">
      <Filter>입문</Filter>
    </ClCompile>
    <ClCompile Include="12951.cpp">
      <Filter>Level2</Filter>
    </ClCompile>
    <ClCompile Include="12945.cpp">
      <Filter>Level2</Filter>
    </ClCompile>
  </ItemGroup>
</Project>